
Microsoft Visual Studio Solution File, Format Version 12.00
# Visual Studio Version 17
VisualStudioVersion = 17.5.33424.131
MinimumVisualStudioVersion = 10.0.40219.1
Project("{FAE04EC0-301F-11D3-BF4B-00C04F79EFBC}") = "YoketoruCS", "YoketoruCS\YoketoruCS.csproj", "{996E74A8-208C-49C6-AB00-7187597C654A}"
EndProject
Global
	GlobalSection(SolutionConfigurationPlatforms) = preSolution
		Debug|Any CPU = Debug|Any CPU
		Release|Any CPU = Release|Any CPU
	EndGlobalSection
	GlobalSection(ProjectConfigurationPlatforms) = postSolution
		{996E74A8-208C-49C6-AB00-7187597C654A}.Debug|Any CPU.ActiveCfg = Debug|Any CPU
		{996E74A8-208C-49C6-AB00-7187597C654A}.Debug|Any CPU.Build.0 = Debug|Any CPU
		{996E74A8-208C-49C6-AB00-7187597C654A}.Release|Any CPU.ActiveCfg = Release|Any CPU
		{996E74A8-208C-49C6-AB00-7187597C654A}.Release|Any CPU.Build.0 = Release|Any CPU
	EndGlobalSection
	GlobalSection(SolutionProperties) = preSolution
		HideSolutionNode = FALSE
	EndGlobalSection
	GlobalSection(ExtensibilityGlobals) = postSolution
		SolutionGuid = {4776E605-DB4A-4544-9C87-FBBEF63FADC5}
	EndGlobalSection
EndGlobal
